
Microsoft Visual Studio Solution File, Format Version 12.00
# Visual Studio Version 16
VisualStudioVersion = 16.0.29215.179
MinimumVisualStudioVersion = 10.0.40219.1
Project("{FAE04EC0-301F-11D3-BF4B-00C04F79EFBC}") = "laba 1(2)", "laba 1(2)\laba 1(2).csproj", "{03140651-AEE7-41DC-BFCF-8EDB14D86E40}"
EndProject
Global
	GlobalSection(SolutionConfigurationPlatforms) = preSolution
		Debug|Any CPU = Debug|Any CPU
		Release|Any CPU = Release|Any CPU
	EndGlobalSection
	GlobalSection(ProjectConfigurationPlatforms) = postSolution
		{03140651-AEE7-41DC-BFCF-8EDB14D86E40}.Debug|Any CPU.ActiveCfg = Debug|Any CPU
		{03140651-AEE7-41DC-BFCF-8EDB14D86E40}.Debug|Any CPU.Build.0 = Debug|Any CPU
		{03140651-AEE7-41DC-BFCF-8EDB14D86E40}.Release|Any CPU.ActiveCfg = Release|Any CPU
		{03140651-AEE7-41DC-BFCF-8EDB14D86E40}.Release|Any CPU.Build.0 = Release|Any CPU
	EndGlobalSection
	GlobalSection(SolutionProperties) = preSolution
		HideSolutionNode = FALSE
	EndGlobalSection
	GlobalSection(ExtensibilityGlobals) = postSolution
		SolutionGuid = {D3D3D7DA-C1D1-4AF9-A406-CB8282D4F5EA}
	EndGlobalSection
EndGlobal
